
Microsoft Visual Studio Solution File, Format Version 12.00
# Visual Studio Version 17
VisualStudioVersion = 17.9.34616.47
MinimumVisualStudioVersion = 10.0.40219.1
Project("{FAE04EC0-301F-11D3-BF4B-00C04F79EFBC}") = "bankaprojesi", "bankaprojesi\bankaprojesi.csproj", "{931D4825-E9AA-4987-85C3-8743FC1EECEB}"
EndProject
Global
	GlobalSection(SolutionConfigurationPlatforms) = preSolution
		Debug|Any CPU = Debug|Any CPU
		Release|Any CPU = Release|Any CPU
	EndGlobalSection
	GlobalSection(ProjectConfigurationPlatforms) = postSolution
		{931D4825-E9AA-4987-85C3-8743FC1EECEB}.Debug|Any CPU.ActiveCfg = Debug|Any CPU
		{931D4825-E9AA-4987-85C3-8743FC1EECEB}.Debug|Any CPU.Build.0 = Debug|Any CPU
		{931D4825-E9AA-4987-85C3-8743FC1EECEB}.Release|Any CPU.ActiveCfg = Release|Any CPU
		{931D4825-E9AA-4987-85C3-8743FC1EECEB}.Release|Any CPU.Build.0 = Release|Any CPU
	EndGlobalSection
	GlobalSection(SolutionProperties) = preSolution
		HideSolutionNode = FALSE
	EndGlobalSection
	GlobalSection(ExtensibilityGlobals) = postSolution
		SolutionGuid = {F2D63EF6-875A-4671-8342-0DDAFB4A680B}
	EndGlobalSection
EndGlobal
